
Microsoft Visual Studio Solution File, Format Version 12.00
# Visual Studio Version 17
VisualStudioVersion = 17.1.32407.343
MinimumVisualStudioVersion = 10.0.40219.1
Project("{FAE04EC0-301F-11D3-BF4B-00C04F79EFBC}") = "GestaoFinanceira", "GestaoFinanceira\GestaoFinanceira.csproj", "{ECAF780C-7538-4180-B0D7-06C6C99C8DED}"
EndProject
Global
	GlobalSection(SolutionConfigurationPlatforms) = preSolution
		Debug|Any CPU = Debug|Any CPU
		Release|Any CPU = Release|Any CPU
	EndGlobalSection
	GlobalSection(ProjectConfigurationPlatforms) = postSolution
		{ECAF780C-7538-4180-B0D7-06C6C99C8DED}.Debug|Any CPU.ActiveCfg = Debug|Any CPU
		{ECAF780C-7538-4180-B0D7-06C6C99C8DED}.Debug|Any CPU.Build.0 = Debug|Any CPU
		{ECAF780C-7538-4180-B0D7-06C6C99C8DED}.Release|Any CPU.ActiveCfg = Release|Any CPU
		{ECAF780C-7538-4180-B0D7-06C6C99C8DED}.Release|Any CPU.Build.0 = Release|Any CPU
	EndGlobalSection
	GlobalSection(SolutionProperties) = preSolution
		HideSolutionNode = FALSE
	EndGlobalSection
	GlobalSection(ExtensibilityGlobals) = postSolution
		SolutionGuid = {51613B29-1ABF-4D7D-916E-651C949F5075}
	EndGlobalSection
EndGlobal
